// !$*UTF8*$!
{
	archiveVersion = 1;
	classes = {
	};
	objectVersion = 46;
	objects = {

/* Begin PBXBuildFile section */
		53D431B51AD9218900AE2832 /* main.m in Sources */ = {isa = PBXBuildFile; fileRef = 53D431B41AD9218900AE2832 /* main.m */; };
		53D431B81AD9218900AE2832 /* AppDelegate.m in Sources */ = {isa = PBXBuildFile; fileRef = 53D431B71AD9218900AE2832 /* AppDelegate.m */; };
		53D431BB1AD9218900AE2832 /* ViewController.m in Sources */ = {isa = PBXBuildFile; fileRef = 53D431BA1AD9218900AE2832 /* ViewController.m */; };
		53D431BE1AD9218900AE2832 /* Main.storyboard in Resources */ = {isa = PBXBuildFile; fileRef = 53D431BC1AD9218900AE2832 /* Main.storyboard */; };
		53D431C01AD9218900AE2832 /* Images.xcassets in Resources */ = {isa = PBXBuildFile; fileRef = 53D431BF1AD9218900AE2832 /* Images.xcassets */; };
		53D431C31AD9218900AE2832 /* LaunchScreen.xib in Resources */ = {isa = PBXBuildFile; fileRef = 53D431C11AD9218900AE2832 /* LaunchScreen.xib */; };
		53D431CF1AD9218900AE2832 /* FWButtonTestTests.m in Sources */ = {isa = PBXBuildFile; fileRef = 53D431CE1AD9218900AE2832 /* FWButtonTestTests.m */; };
		53D431DA1AD921B700AE2832 /* FWButton.m in Sources */ = {isa = PBXBuildFile; fileRef = 53D431D91AD921B700AE2832 /* FWButton.m */; };
/* End PBXBuildFile section */

/* Begin PBXContainerItemProxy section */
		53D431C91AD9218900AE2832 /* PBXContainerItemProxy */ = {
			isa = PBXContainerItemProxy;
			containerPortal = 53D431A71AD9218900AE2832 /* Project object */;
			proxyType = 1;
			remoteGlobalIDString = 53D431AE1AD9218900AE2832;
			remoteInfo = FWButtonTest;
		};
/* End PBXContainerItemProxy section */

/* Begin PBXFileReference section */
		53D431AF1AD9218900AE2832 /* FWButtonTest.app */ = {isa = PBXFileReference; explicitFileType = wrapper.application; includeInIndex = 0; path = FWButtonTest.app; sourceTree = BUILT_PRODUCTS_DIR; };
		53D431B31AD9218900AE2832 /* Info.plist */ = {isa = PBXFileReference; lastKnownFileType = text.plist.xml; path = Info.plist; sourceTree = "<group>"; };
		53D431B41AD9218900AE2832 /* main.m */ = {isa = PBXFileReference; lastKnownFileType = sourcecode.c.objc; path = main.m; sourceTree = "<group>"; };
		53D431B61AD9218900AE2832 /* AppDelegate.h */ = {isa = PBXFileReference; lastKnownFileType = sourcecode.c.h; path = AppDelegate.h; sourceTree = "<group>"; };
		53D431B71AD9218900AE2832 /* AppDelegate.m */ = {isa = PBXFileReference; lastKnownFileType = sourcecode.c.objc; path = AppDelegate.m; sourceTree = "<group>"; };
		53D431B91AD9218900AE2832 /* ViewController.h */ = {isa = PBXFileReference; lastKnownFileType = sourcecode.c.h; path = ViewController.h; sourceTree = "<group>"; };
		53D431BA1AD9218900AE2832 /* ViewController.m */ = {isa = PBXFileReference; lastKnownFileType = sourcecode.c.objc; path = ViewController.m; sourceTree = "<group>"; };
		53D431BD1AD9218900AE2832 /* Base */ = {isa = PBXFileReference; lastKnownFileType = file.storyboard; name = Base; path = Base.lproj/Main.storyboard; sourceTree = "<group>"; };
		53D431BF1AD9218900AE2832 /* Images.xcassets */ = {isa = PBXFileReference; lastKnownFileType = folder.assetcatalog; path = Images.xcassets; sourceTree = "<group>"; };
		53D431C21AD9218900AE2832 /* Base */ = {isa = PBXFileReference; lastKnownFileType = file.xib; name = Base; path = Base.lproj/LaunchScreen.xib; sourceTree = "<group>"; };
		53D431C81AD9218900AE2832 /* FWButtonTestTests.xctest */ = {isa = PBXFileReference; explicitFileType = wrapper.cfbundle; includeInIndex = 0; path = FWButtonTestTests.xctest; sourceTree = BUILT_PRODUCTS_DIR; };
		53D431CD1AD9218900AE2832 /* Info.plist */ = {isa = PBXFileReference; lastKnownFileType = text.plist.xml; path = Info.plist; sourceTree = "<group>"; };
		53D431CE1AD9218900AE2832 /* FWButtonTestTests.m */ = {isa = PBXFileReference; lastKnownFileType = sourcecode.c.objc; path = FWButtonTestTests.m; sourceTree = "<group>"; };
		53D431D81AD921B700AE2832 /* FWButton.h */ = {isa = PBXFileReference; fileEncoding = 4; lastKnownFileType = sourcecode.c.h; path = FWButton.h; sourceTree = "<group>"; };
		53D431D91AD921B700AE2832 /* FWButton.m */ = {isa = PBXFileReference; fileEncoding = 4; lastKnownFileType = sourcecode.c.objc; path = FWButton.m; sourceTree = "<group>"; };
/* End PBXFileReference section */

/* Begin PBXFrameworksBuildPhase section */
		53D431AC1AD9218900AE2832 /* Frameworks */ = {
			isa = PBXFrameworksBuildPhase;
			buildActionMask = 2147483647;
			files = (
			);
			runOnlyForDeploymentPostprocessing = 0;
		};
		53D431C51AD9218900AE2832 /* Frameworks */ = {
			isa = PBXFrameworksBuildPhase;
			buildActionMask = 2147483647;
			files = (
			);
			runOnlyForDeploymentPostprocessing = 0;
		};
/* End PBXFrameworksBuildPhase section */

/* Begin PBXGroup section */
		53D431A61AD9218900AE2832 = {
			isa = PBXGroup;
			children = (
				53D431B11AD9218900AE2832 /* FWButtonTest */,
				53D431CB1AD9218900AE2832 /* FWButtonTestTests */,
				53D431B01AD9218900AE2832 /* Products */,
			);
			sourceTree = "<group>";
		};
		53D431B01AD9218900AE2832 /* Products */ = {
			isa = PBXGroup;
			children = (
				53D431AF1AD9218900AE2832 /* FWButtonTest.app */,
				53D431C81AD9218900AE2832 /* FWButtonTestTests.xctest */,
			);
			name = Products;
			sourceTree = "<group>";
		};
		53D431B11AD9218900AE2832 /* FWButtonTest */ = {
			isa = PBXGroup;
			children = (
				53D431B61AD9218900AE2832 /* AppDelegate.h */,
				53D431B71AD9218900AE2832 /* AppDelegate.m */,
				53D431B91AD9218900AE2832 /* ViewController.h */,
				53D431BA1AD9218900AE2832 /* ViewController.m */,
				53D431D81AD921B700AE2832 /* FWButton.h */,
				53D431D91AD921B700AE2832 /* FWButton.m */,
				53D431BC1AD9218900AE2832 /* Main.storyboard */,
				53D431BF1AD9218900AE2832 /* Images.xcassets */,
				53D431C11AD9218900AE2832 /* LaunchScreen.xib */,
				53D431B21AD9218900AE2832 /* Supporting Files */,
			);
			path = FWButtonTest;
			sourceTree = "<group>";
		};
		53D431B21AD9218900AE2832 /* Supporting Files */ = {
			isa = PBXGroup;
			children = (
				53D431B31AD9218900AE2832 /* Info.plist */,
				53D431B41AD9218900AE2832 /* main.m */,
			);
			name = "Supporting Files";
			sourceTree = "<group>";
		};
		53D431CB1AD9218900AE2832 /* FWButtonTestTests */ = {
			isa = PBXGroup;
			children = (
				53D431CE1AD9218900AE2832 /* FWButtonTestTests.m */,
				53D431CC1AD9218900AE2832 /* Supporting Files */,
			);
			path = FWButtonTestTests;
			sourceTree = "<group>";
		};
		53D431CC1AD9218900AE2832 /* Supporting Files */ = {
			isa = PBXGroup;
			children = (
				53D431CD1AD9218900AE2832 /* Info.plist */,
			);
			name = "Supporting Files";
			sourceTree = "<group>";
		};
/* End PBXGroup section */

/* Begin PBXNativeTarget section */
		53D431AE1AD9218900AE2832 /* FWButtonTest */ = {
			isa = PBXNativeTarget;
			buildConfigurationList = 53D431D21AD9218900AE2832 /* Build configuration list for PBXNativeTarget "FWButtonTest" */;
			buildPhases = (
				53D431AB1AD9218900AE2832 /* Sources */,
				53D431AC1AD9218900AE2832 /* Frameworks */,
				53D431AD1AD9218900AE2832 /* Resources */,
			);
			buildRules = (
			);
			dependencies = (
			);
			name = FWButtonTest;
			productName = FWButtonTest;
			productReference = 53D431AF1AD9218900AE2832 /* FWButtonTest.app */;
			productType = "com.apple.product-type.application";
		};
		53D431C71AD9218900AE2832 /* FWButtonTestTests */ = {
			isa = PBXNativeTarget;
			buildConfigurationList = 53D431D51AD9218900AE2832 /* Build configuration list for PBXNativeTarget "FWButtonTestTests" */;
			buildPhases = (
				53D431C41AD9218900AE2832 /* Sources */,
				53D431C51AD9218900AE2832 /* Frameworks */,
				53D431C61AD9218900AE2832 /* Resources */,
			);
			buildRules = (
			);
			dependencies = (
				53D431CA1AD9218900AE2832 /* PBXTargetDependency */,
			);
			name = FWButtonTestTests;
			productName = FWButtonTestTests;
			productReference = 53D431C81AD9218900AE2832 /* FWButtonTestTests.xctest */;
			productType = "com.apple.product-type.bundle.unit-test";
		};
/* End PBXNativeTarget section */

/* Begin PBXProject section */
		53D431A71AD9218900AE2832 /* Project object */ = {
			isa = PBXProject;
			attributes = {
				LastUpgradeCheck = 0630;
				ORGANIZATIONNAME = com.FieldWong.FWButton;
				TargetAttributes = {
					53D431AE1AD9218900AE2832 = {
						CreatedOnToolsVersion = 6.3;
					};
					53D431C71AD9218900AE2832 = {
						CreatedOnToolsVersion = 6.3;
						TestTargetID = 53D431AE1AD9218900AE2832;
					};
				};
			};
			buildConfigurationList = 53D431AA1AD9218900AE2832 /* Build configuration list for PBXProject "FWButtonTest" */;
			compatibilityVersion = "Xcode 3.2";
			developmentRegion = English;
			hasScannedForEncodings = 0;
			knownRegions = (
				en,
				Base,
			);
			mainGroup = 53D431A61AD9218900AE2832;
			productRefGroup = 53D431B01AD9218900AE2832 /* Products */;
			projectDirPath = "";
			projectRoot = "";
			targets = (
				53D431AE1AD9218900AE2832 /* FWButtonTest */,
				53D431C71AD9218900AE2832 /* FWButtonTestTests */,
			);
		};
/* End PBXProject section */

/* Begin PBXResourcesBuildPhase section */
		53D431AD1AD9218900AE2832 /* Resources */ = {
			isa = PBXResourcesBuildPhase;
			buildActionMask = 2147483647;
			files = (
				53D431BE1AD9218900AE2832 /* Main.storyboard in Resources */,
				53D431C31AD9218900AE2832 /* LaunchScreen.xib in Resources */,
				53D431C01AD9218900AE2832 /* Images.xcassets in Resources */,
			);
			runOnlyForDeploymentPostprocessing = 0;
		};
		53D431C61AD9218900AE2832 /* Resources */ = {
			isa = PBXResourcesBuildPhase;
			buildActionMask = 2147483647;
			files = (
			);
			runOnlyForDeploymentPostprocessing = 0;
		};
/* End PBXResourcesBuildPhase section */

/* Begin PBXSourcesBuildPhase section */
		53D431AB1AD9218900AE2832 /* Sources */ = {
			isa = PBXSourcesBuildPhase;
			buildActionMask = 2147483647;
			files = (
				53D431BB1AD9218900AE2832 /* ViewController.m in Sources */,
				53D431B81AD9218900AE2832 /* AppDelegate.m in Sources */,
				53D431DA1AD921B700AE2832 /* FWButton.m in Sources */,
				53D431B51AD9218900AE2832 /* main.m in Sources */,
			);
			runOnlyForDeploymentPostprocessing = 0;
		};
		53D431C41AD9218900AE2832 /* Sources */ = {
			isa = PBXSourcesBuildPhase;
			buildActionMask = 2147483647;
			files = (
				53D431CF1AD9218900AE2832 /* FWButtonTestTests.m in Sources */,
			);
			runOnlyForDeploymentPostprocessing = 0;
		};
/* End PBXSourcesBuildPhase section */

/* Begin PBXTargetDependency section */
		53D431CA1AD9218900AE2832 /* PBXTargetDependency */ = {
			isa = PBXTargetDependency;
			target = 53D431AE1AD9218900AE2832 /* FWButtonTest */;
			targetProxy = 53D431C91AD9218900AE2832 /* PBXContainerItemProxy */;
		};
/* End PBXTargetDependency section */

/* Begin PBXVariantGroup section */
		53D431BC1AD9218900AE2832 /* Main.storyboard */ = {
			isa = PBXVariantGroup;
			children = (
				53D431BD1AD9218900AE2832 /* Base */,
			);
			name = Main.storyboard;
			sourceTree = "<group>";
		};
		53D431C11AD9218900AE2832 /* LaunchScreen.xib */ = {
			isa = PBXVariantGroup;
			children = (
				53D431C21AD9218900AE2832 /* Base */,
			);
			name = LaunchScreen.xib;
			sourceTree = "<group>";
		};
/* End PBXVariantGroup section */

/* Begin XCBuildConfiguration section */
		53D431D01AD9218900AE2832 /* Debug */ = {
			isa = XCBuildConfiguration;
			buildSettings = {
				ALWAYS_SEARCH_USER_PATHS = NO;
				CLANG_CXX_LANGUAGE_STANDARD = "gnu++0x";
				CLANG_CXX_LIBRARY = "libc++";
				CLANG_ENABLE_MODULES = YES;
				CLANG_ENABLE_OBJC_ARC = YES;
				CLANG_WARN_BOOL_CONVERSION = YES;
				CLANG_WARN_CONSTANT_CONVERSION = YES;
				CLANG_WARN_DIRECT_OBJC_ISA_USAGE = YES_ERROR;
				CLANG_WARN_EMPTY_BODY = YES;
				CLANG_WARN_ENUM_CONVERSION = YES;
				CLANG_WARN_INT_CONVERSION = YES;
				CLANG_WARN_OBJC_ROOT_CLASS = YES_ERROR;
				CLANG_WARN_UNREACHABLE_CODE = YES;
				CLANG_WARN__DUPLICATE_METHOD_MATCH = YES;
				"CODE_SIGN_IDENTITY[sdk=iphoneos*]" = "iPhone Developer";
				COPY_PHASE_STRIP = NO;
				DEBUG_INFORMATION_FORMAT = "dwarf-with-dsym";
				ENABLE_STRICT_OBJC_MSGSEND = YES;
				GCC_C_LANGUAGE_STANDARD = gnu99;
				GCC_DYNAMIC_NO_PIC = NO;
				GCC_NO_COMMON_BLOCKS = YES;
				GCC_OPTIMIZATION_LEVEL = 0;
				GCC_PREPROCESSOR_DEFINITIONS = (
					"DEBUG=1",
					"$(inherited)",
				);
				GCC_SYMBOLS_PRIVATE_EXTERN = NO;
				GCC_WARN_64_TO_32_BIT_CONVERSION = YES;
				GCC_WARN_ABOUT_RETURN_TYPE = YES_ERROR;
				GCC_WARN_UNDECLARED_SELECTOR = YES;
				GCC_WARN_UNINITIALIZED_AUTOS = YES_AGGRESSIVE;
				GCC_WARN_UNUSED_FUNCTION = YES;
				GCC_WARN_UNUSED_VARIABLE = YES;
				IPHONEOS_DEPLOYMENT_TARGET = 8.3;
				MTL_ENABLE_DEBUG_INFO = YES;
				ONLY_ACTIVE_ARCH = YES;
				SDKROOT = iphoneos;
				TARGETED_DEVICE_FAMILY = "1,2";
			};
			name = Debug;
		};
		53D431D11AD9218900AE2832 /* Release */ = {
			isa = XCBuildConfiguration;
			buildSettings = {
				ALWAYS_SEARCH_USER_PATHS = NO;
				CLANG_CXX_LANGUAGE_STANDARD = "gnu++0x";
				CLANG_CXX_LIBRARY = "libc++";
				CLANG_ENABLE_MODULES = YES;
				CLANG_ENABLE_OBJC_ARC = YES;
				CLANG_WARN_BOOL_CONVERSION = YES;
				CLANG_WARN_CONSTANT_CONVERSION = YES;
				CLANG_WARN_DIRECT_OBJC_ISA_USAGE = YES_ERROR;
				CLANG_WARN_EMPTY_BODY = YES;
				CLANG_WARN_ENUM_CONVERSION = YES;
				CLANG_WARN_INT_CONVERSION = YES;
				CLANG_WARN_OBJC_ROOT_CLASS = YES_ERROR;
				CLANG_WARN_UNREACHABLE_CODE = YES;
				CLANG_WARN__DUPLICATE_METHOD_MATCH = YES;
				"CODE_SIGN_IDENTITY[sdk=iphoneos*]" = "iPhone Developer";
				COPY_PHASE_STRIP = NO;
				DEBUG_INFORMATION_FORMAT = "dwarf-with-dsym";
				ENABLE_NS_ASSERTIONS = NO;
				ENABLE_STRICT_OBJC_MSGSEND = YES;
				GCC_C_LANGUAGE_STANDARD = gnu99;
				GCC_NO_COMMON_BLOCKS = YES;
				GCC_WARN_64_TO_32_BIT_CONVERSION = YES;
				GCC_WARN_ABOUT_RETURN_TYPE = YES_ERROR;
				GCC_WARN_UNDECLARED_SELECTOR = YES;
				GCC_WARN_UNINITIALIZED_AUTOS = YES_AGGRESSIVE;
				GCC_WARN_UNUSED_FUNCTION = YES;
				GCC_WARN_UNUSED_VARIABLE = YES;
				IPHONEOS_DEPLOYMENT_TARGET = 8.3;
				MTL_ENABLE_DEBUG_INFO = NO;
				SDKROOT = iphoneos;
				TARGETED_DEVICE_FAMILY = "1,2";
				VALIDATE_PRODUCT = YES;
			};
			name = Release;
		};
		53D431D31AD9218900AE2832 /* Debug */ = {
			isa = XCBuildConfiguration;
			buildSettings = {
				ASSETCATALOG_COMPILER_APPICON_NAME = AppIcon;
				INFOPLIST_FILE = FWButtonTest/Info.plist;
				LD_RUNPATH_SEARCH_PATHS = "$(inherited) @executable_path/Frameworks";
				PRODUCT_NAME = "$(TARGET_NAME)";
			};
			name = Debug;
		};
		53D431D41AD9218900AE2832 /* Release */ = {
			isa = XCBuildConfiguration;
			buildSettings = {
				ASSETCATALOG_COMPILER_APPICON_NAME = AppIcon;
				INFOPLIST_FILE = FWButtonTest/Info.plist;
				LD_RUNPATH_SEARCH_PATHS = "$(inherited) @executable_path/Frameworks";
				PRODUCT_NAME = "$(TARGET_NAME)";
			};
			name = Release;
		};
		53D431D61AD9218900AE2832 /* Debug */ = {
			isa = XCBuildConfiguration;
			buildSettings = {
				BUNDLE_LOADER = "$(TEST_HOST)";
				FRAMEWORK_SEARCH_PATHS = (
					"$(SDKROOT)/Developer/Library/Frameworks",
					"$(inherited)",
				);
				GCC_PREPROCESSOR_DEFINITIONS = (
					"DEBUG=1",
					"$(inherited)",
				);
				INFOPLIST_FILE = FWButtonTestTests/Info.plist;
				LD_RUNPATH_SEARCH_PATHS = "$(inherited) @executable_path/Frameworks @loader_path/Frameworks";
				PRODUCT_NAME = "$(TARGET_NAME)";
				TEST_HOST = "$(BUILT_PRODUCTS_DIR)/FWButtonTest.app/FWButtonTest";
			};
			name = Debug;
		};
		53D431D71AD9218900AE2832 /* Release */ = {
			isa = XCBuildConfiguration;
			buildSettings = {
				BUNDLE_LOADER = "$(TEST_HOST)";
				FRAMEWORK_SEARCH_PATHS = (
					"$(SDKROOT)/Developer/Library/Frameworks",
					"$(inherited)",
				);
				INFOPLIST_FILE = FWButtonTestTests/Info.plist;
				LD_RUNPATH_SEARCH_PATHS = "$(inherited) @executable_path/Frameworks @loader_path/Frameworks";
				PRODUCT_NAME = "$(TARGET_NAME)";
				TEST_HOST = "$(BUILT_PRODUCTS_DIR)/FWButtonTest.app/FWButtonTest";
			};
			name = Release;
		};
/* End XCBuildConfiguration section */

/* Begin XCConfigurationList section */
		53D431AA1AD9218900AE2832 /* Build configuration list for PBXProject "FWButtonTest" */ = {
			isa = XCConfigurationList;
			buildConfigurations = (
				53D431D01AD9218900AE2832 /* Debug */,
				53D431D11AD9218900AE2832 /* Release */,
			);
			defaultConfigurationIsVisible = 0;
			defaultConfigurationName = Release;
		};
		53D431D21AD9218900AE2832 /* Build configuration list for PBXNativeTarget "FWButtonTest" */ = {
			isa = XCConfigurationList;
			buildConfigurations = (
				53D431D31AD9218900AE2832 /* Debug */,
				53D431D41AD9218900AE2832 /* Release */,
			);
			defaultConfigurationIsVisible = 0;
		};
		53D431D51AD9218900AE2832 /* Build configuration list for PBXNativeTarget "FWButtonTestTests" */ = {
			isa = XCConfigurationList;
			buildConfigurations = (
				53D431D61AD9218900AE2832 /* Debug */,
				53D431D71AD9218900AE2832 /* Release */,
			);
			defaultConfigurationIsVisible = 0;
		};
/* End XCConfigurationList section */
	};
	rootObject = 53D431A71AD9218900AE2832 /* Project object */;
}
